Microsoft Visual Studio Solution File, Format Version 11.00
# Visual Studio 2008

Project("{BDBCAA79-DB37-0DA4-F67F-72D0862C64B3}") = "adeptus", "Assembly-CSharp.csproj", "{265DCFD1-5AF0-A48E-6F7B-657D60E0F3B7}"
EndProject
Project("{BDBCAA79-DB37-0DA4-F67F-72D0862C64B3}") = "adeptus", "Assembly-CSharp-Editor.csproj", "{0098C23D-C40E-5428-DE2A-8CD6B4F00C01}"
EndProject
Project("{BDBCAA79-DB37-0DA4-F67F-72D0862C64B3}") = "adeptus", "Assembly-UnityScript.unityproj", "{3FCE6D58-485F-620A-7A2C-E705CBAAD291}"
EndProject
Global
	GlobalSection(SolutionConfigurationPlatforms) = preSolution
		Debug|Any CPU = Debug|Any CPU
		Release|Any CPU = Release|Any CPU
	EndGlobalSection
	GlobalSection(ProjectConfigurationPlatforms) = postSolution
		{265DCFD1-5AF0-A48E-6F7B-657D60E0F3B7}.Debug|Any CPU.ActiveCfg = Debug|Any CPU
		{265DCFD1-5AF0-A48E-6F7B-657D60E0F3B7}.Debug|Any CPU.Build.0 = Debug|Any CPU
		{265DCFD1-5AF0-A48E-6F7B-657D60E0F3B7}.Release|Any CPU.ActiveCfg = Release|Any CPU
		{265DCFD1-5AF0-A48E-6F7B-657D60E0F3B7}.Release|Any CPU.Build.0 = Release|Any CPU
		{0098C23D-C40E-5428-DE2A-8CD6B4F00C01}.Debug|Any CPU.ActiveCfg = Debug|Any CPU
		{0098C23D-C40E-5428-DE2A-8CD6B4F00C01}.Debug|Any CPU.Build.0 = Debug|Any CPU
		{0098C23D-C40E-5428-DE2A-8CD6B4F00C01}.Release|Any CPU.ActiveCfg = Release|Any CPU
		{0098C23D-C40E-5428-DE2A-8CD6B4F00C01}.Release|Any CPU.Build.0 = Release|Any CPU
		{3FCE6D58-485F-620A-7A2C-E705CBAAD291}.Debug|Any CPU.ActiveCfg = Debug|Any CPU
		{3FCE6D58-485F-620A-7A2C-E705CBAAD291}.Debug|Any CPU.Build.0 = Debug|Any CPU
		{3FCE6D58-485F-620A-7A2C-E705CBAAD291}.Release|Any CPU.ActiveCfg = Release|Any CPU
		{3FCE6D58-485F-620A-7A2C-E705CBAAD291}.Release|Any CPU.Build.0 = Release|Any CPU
	EndGlobalSection
	GlobalSection(SolutionProperties) = preSolution
		HideSolutionNode = FALSE
	EndGlobalSection
																																																																																GlobalSection(MonoDevelopProperties) = preSolution
		StartupItem = Assembly-CSharp.csproj
		Policies = $0
		$0.TextStylePolicy = $1
		$1.inheritsSet = null
		$1.scope = text/x-csharp
		$0.CSharpFormattingPolicy = $2
		$2.inheritsSet = Mono
		$2.inheritsScope = text/x-csharp
		$2.scope = text/x-csharp
		$0.TextStylePolicy = $3
		$3.FileWidth = 120
		$3.TabWidth = 4
		$3.EolMarker = Unix
		$3.inheritsSet = Mono
		$3.inheritsScope = text/plain
		$3.scope = text/plain
	EndGlobalSection

EndGlobal
