
Microsoft Visual Studio Solution File, Format Version 12.00
# Visual Studio 2013
Project("{FAE04EC0-301F-11D3-BF4B-00C04F79EFBC}") = "UnityVS.master.CSharp", "UnityVS.master.CSharp.csproj", "{7A40BF59-D916-19AD-07D2-8800FD36D818}"
EndProject
Project("{FAE04EC0-301F-11D3-BF4B-00C04F79EFBC}") = "UnityVS.master.CSharp.Editor", "UnityVS.master.CSharp.Editor.csproj", "{F924AF85-14FB-5B4C-4EE7-A8854C998DEC}"
EndProject
Global
	GlobalSection(SolutionConfigurationPlatforms) = preSolution
		Debug|Any CPU = Debug|Any CPU
		Release|Any CPU = Release|Any CPU
	EndGlobalSection
	GlobalSection(ProjectConfigurationPlatforms) = postSolution
		{7A40BF59-D916-19AD-07D2-8800FD36D818}.Debug|Any CPU.ActiveCfg = Debug|Any CPU
		{7A40BF59-D916-19AD-07D2-8800FD36D818}.Debug|Any CPU.Build.0 = Debug|Any CPU
		{7A40BF59-D916-19AD-07D2-8800FD36D818}.Release|Any CPU.ActiveCfg = Release|Any CPU
		{7A40BF59-D916-19AD-07D2-8800FD36D818}.Release|Any CPU.Build.0 = Release|Any CPU
		{F924AF85-14FB-5B4C-4EE7-A8854C998DEC}.Debug|Any CPU.ActiveCfg = Debug|Any CPU
		{F924AF85-14FB-5B4C-4EE7-A8854C998DEC}.Debug|Any CPU.Build.0 = Debug|Any CPU
		{F924AF85-14FB-5B4C-4EE7-A8854C998DEC}.Release|Any CPU.ActiveCfg = Release|Any CPU
		{F924AF85-14FB-5B4C-4EE7-A8854C998DEC}.Release|Any CPU.Build.0 = Release|Any CPU
	EndGlobalSection
	GlobalSection(SolutionProperties) = preSolution
		HideSolutionNode = FALSE
	EndGlobalSection
EndGlobal
